// !$*UTF8*$!
{
	archiveVersion = 1;
	classes = {
	};
	objectVersion = 50;
	objects = {

/* Begin PBXBuildFile section */
		4E810A2A23714FDB009D87D6 /* Assets.xcassets in Resources */ = {isa = PBXBuildFile; fileRef = 4E810A2923714FDB009D87D6 /* Assets.xcassets */; };
		4E9887BD237B632B002A4F45 /* Maze.swift in Sources */ = {isa = PBXBuildFile; fileRef = 4E9887BA237B632B002A4F45 /* Maze.swift */; };
		4E9887BE237B632B002A4F45 /* ARSCNViewDelegate.swift in Sources */ = {isa = PBXBuildFile; fileRef = 4E9887BB237B632B002A4F45 /* ARSCNViewDelegate.swift */; };
		4E9887BF237B632B002A4F45 /* HelperFunctions.swift in Sources */ = {isa = PBXBuildFile; fileRef = 4E9887BC237B632B002A4F45 /* HelperFunctions.swift */; };
		4E9887C2237B638C002A4F45 /* Player.swift in Sources */ = {isa = PBXBuildFile; fileRef = 4E9887C1237B638C002A4F45 /* Player.swift */; };
		4E9887C5237B6E2B002A4F45 /* Enemy.swift in Sources */ = {isa = PBXBuildFile; fileRef = 4E9887C4237B6E2B002A4F45 /* Enemy.swift */; };
		4E9887C7237B7103002A4F45 /* Minion.swift in Sources */ = {isa = PBXBuildFile; fileRef = 4E9887C6237B7103002A4F45 /* Minion.swift */; };
		4E9887C9237B710C002A4F45 /* Boss.swift in Sources */ = {isa = PBXBuildFile; fileRef = 4E9887C8237B710C002A4F45 /* Boss.swift */; };
		4EAEE61F235E3A170041EBDF /* art.scnassets in Resources */ = {isa = PBXBuildFile; fileRef = 4EAEE61E235E3A170041EBDF /* art.scnassets */; };
		4EAEE621235E5EAC0041EBDF /* MainMenuViewController.swift in Sources */ = {isa = PBXBuildFile; fileRef = 4EAEE620235E5EAC0041EBDF /* MainMenuViewController.swift */; };
		4EE314C02395C72C001421AD /* PlayerModeViewController.swift in Sources */ = {isa = PBXBuildFile; fileRef = 4EE314BF2395C72C001421AD /* PlayerModeViewController.swift */; };
		4EE314C32395CA56001421AD /* SettingMenuViewController.swift in Sources */ = {isa = PBXBuildFile; fileRef = 4EE314C22395CA56001421AD /* SettingMenuViewController.swift */; };
		4EE314C52395CD30001421AD /* CharacterMenuViewController.swift in Sources */ = {isa = PBXBuildFile; fileRef = 4EE314C42395CD30001421AD /* CharacterMenuViewController.swift */; };
		4EE704B2239F4AF600252AB7 /* TutorialViewController.swift in Sources */ = {isa = PBXBuildFile; fileRef = 4EE704B1239F4AF600252AB7 /* TutorialViewController.swift */; };
		640D28BA239073CC00E5DC24 /* Solver.swift in Sources */ = {isa = PBXBuildFile; fileRef = 640D28B9239073CC00E5DC24 /* Solver.swift */; };
		DB6B716E235D1F94003276B2 /* AppDelegate.swift in Sources */ = {isa = PBXBuildFile; fileRef = DB6B716D235D1F94003276B2 /* AppDelegate.swift */; };
		DB6B7170235D1F94003276B2 /* ViewController.swift in Sources */ = {isa = PBXBuildFile; fileRef = DB6B716F235D1F94003276B2 /* ViewController.swift */; };
		DB6B7175235D1F94003276B2 /* Main.storyboard in Resources */ = {isa = PBXBuildFile; fileRef = DB6B7173235D1F94003276B2 /* Main.storyboard */; };
		DB6B717A235D1F96003276B2 /* LaunchScreen.storyboard in Resources */ = {isa = PBXBuildFile; fileRef = DB6B7178235D1F96003276B2 /* LaunchScreen.storyboard */; };
/* End PBXBuildFile section */

/* Begin PBXFileReference section */
		4E810A2923714FDB009D87D6 /* Assets.xcassets */ = {isa = PBXFileReference; lastKnownFileType = folder.assetcatalog; path = Assets.xcassets; sourceTree = "<group>"; };
		4E9887BA237B632B002A4F45 /* Maze.swift */ = {isa = PBXFileReference; fileEncoding = 4; lastKnownFileType = sourcecode.swift; path = Maze.swift; sourceTree = "<group>"; };
		4E9887BB237B632B002A4F45 /* ARSCNViewDelegate.swift */ = {isa = PBXFileReference; fileEncoding = 4; lastKnownFileType = sourcecode.swift; path = ARSCNViewDelegate.swift; sourceTree = "<group>"; };
		4E9887BC237B632B002A4F45 /* HelperFunctions.swift */ = {isa = PBXFileReference; fileEncoding = 4; lastKnownFileType = sourcecode.swift; name = HelperFunctions.swift; path = ARmazingAdventure/HelperFunctions.swift; sourceTree = SOURCE_ROOT; };
		4E9887C1237B638C002A4F45 /* Player.swift */ = {isa = PBXFileReference; lastKnownFileType = sourcecode.swift; path = Player.swift; sourceTree = "<group>"; };
		4E9887C4237B6E2B002A4F45 /* Enemy.swift */ = {isa = PBXFileReference; lastKnownFileType = sourcecode.swift; path = Enemy.swift; sourceTree = "<group>"; };
		4E9887C6237B7103002A4F45 /* Minion.swift */ = {isa = PBXFileReference; lastKnownFileType = sourcecode.swift; path = Minion.swift; sourceTree = "<group>"; };
		4E9887C8237B710C002A4F45 /* Boss.swift */ = {isa = PBXFileReference; lastKnownFileType = sourcecode.swift; path = Boss.swift; sourceTree = "<group>"; };
		4EAEE61E235E3A170041EBDF /* art.scnassets */ = {isa = PBXFileReference; lastKnownFileType = wrapper.scnassets; path = art.scnassets; sourceTree = "<group>"; };
		4EAEE620235E5EAC0041EBDF /* MainMenuViewController.swift */ = {isa = PBXFileReference; lastKnownFileType = sourcecode.swift; name = MainMenuViewController.swift; path = "ARmazingAdventure/Menu ViewControllers/MainMenuViewController.swift"; sourceTree = SOURCE_ROOT; };
		4EE314BF2395C72C001421AD /* PlayerModeViewController.swift */ = {isa = PBXFileReference; lastKnownFileType = sourcecode.swift; path = PlayerModeViewController.swift; sourceTree = "<group>"; };
		4EE314C22395CA56001421AD /* SettingMenuViewController.swift */ = {isa = PBXFileReference; lastKnownFileType = sourcecode.swift; path = SettingMenuViewController.swift; sourceTree = "<group>"; };
		4EE314C42395CD30001421AD /* CharacterMenuViewController.swift */ = {isa = PBXFileReference; lastKnownFileType = sourcecode.swift; path = CharacterMenuViewController.swift; sourceTree = "<group>"; };
		4EE704B1239F4AF600252AB7 /* TutorialViewController.swift */ = {isa = PBXFileReference; lastKnownFileType = sourcecode.swift; path = TutorialViewController.swift; sourceTree = "<group>"; };
		640D28B9239073CC00E5DC24 /* Solver.swift */ = {isa = PBXFileReference; fileEncoding = 4; lastKnownFileType = sourcecode.swift; path = Solver.swift; sourceTree = "<group>"; };
		64C20514239B5FA400B3580F /* ARmazingAdventure.app */ = {isa = PBXFileReference; explicitFileType = wrapper.application; includeInIndex = 0; path = ARmazingAdventure.app; sourceTree = BUILT_PRODUCTS_DIR; };
		DB6B716D235D1F94003276B2 /* AppDelegate.swift */ = {isa = PBXFileReference; lastKnownFileType = sourcecode.swift; name = AppDelegate.swift; path = ARmazingAdventure/AppDelegate.swift; sourceTree = SOURCE_ROOT; };
		DB6B716F235D1F94003276B2 /* ViewController.swift */ = {isa = PBXFileReference; lastKnownFileType = sourcecode.swift; path = ViewController.swift; sourceTree = "<group>"; };
		DB6B7174235D1F94003276B2 /* Base */ = {isa = PBXFileReference; lastKnownFileType = file.storyboard; name = Base; path = Base.lproj/Main.storyboard; sourceTree = "<group>"; };
		DB6B7179235D1F96003276B2 /* Base */ = {isa = PBXFileReference; lastKnownFileType = file.storyboard; name = Base; path = Base.lproj/LaunchScreen.storyboard; sourceTree = "<group>"; };
		DB6B717B235D1F96003276B2 /* Info.plist */ = {isa = PBXFileReference; lastKnownFileType = text.plist.xml; path = Info.plist; sourceTree = "<group>"; };
/* End PBXFileReference section */

/* Begin PBXFrameworksBuildPhase section */
		DB6B7167235D1F94003276B2 /* Frameworks */ = {
			isa = PBXFrameworksBuildPhase;
			buildActionMask = 2147483647;
			files = (
			);
			runOnlyForDeploymentPostprocessing = 0;
		};
/* End PBXFrameworksBuildPhase section */

/* Begin PBXGroup section */
		4E9887C0237B636F002A4F45 /* player */ = {
			isa = PBXGroup;
			children = (
				4E9887C1237B638C002A4F45 /* Player.swift */,
			);
			path = player;
			sourceTree = "<group>";
		};
		4E9887C3237B6E18002A4F45 /* enemy */ = {
			isa = PBXGroup;
			children = (
				4E9887C4237B6E2B002A4F45 /* Enemy.swift */,
				4E9887C6237B7103002A4F45 /* Minion.swift */,
				4E9887C8237B710C002A4F45 /* Boss.swift */,
			);
			path = enemy;
			sourceTree = "<group>";
		};
		4EE314C12395C820001421AD /* Menu ViewControllers */ = {
			isa = PBXGroup;
			children = (
				4EAEE620235E5EAC0041EBDF /* MainMenuViewController.swift */,
				4EE314BF2395C72C001421AD /* PlayerModeViewController.swift */,
				4EE314C22395CA56001421AD /* SettingMenuViewController.swift */,
				4EE314C42395CD30001421AD /* CharacterMenuViewController.swift */,
				4EE704B1239F4AF600252AB7 /* TutorialViewController.swift */,
			);
			path = "Menu ViewControllers";
			sourceTree = "<group>";
		};
		DB6B7161235D1F94003276B2 = {
			isa = PBXGroup;
			children = (
				4EAEE61E235E3A170041EBDF /* art.scnassets */,
				DB6B716C235D1F94003276B2 /* ARmazingAdventure */,
				64C20514239B5FA400B3580F /* ARmazingAdventure.app */,
			);
			sourceTree = "<group>";
		};
		DB6B716C235D1F94003276B2 /* ARmazingAdventure */ = {
			isa = PBXGroup;
			children = (
				4EE314C12395C820001421AD /* Menu ViewControllers */,
				4E9887C3237B6E18002A4F45 /* enemy */,
				4E9887C0237B636F002A4F45 /* player */,
				4E810A2923714FDB009D87D6 /* Assets.xcassets */,
				4E9887BB237B632B002A4F45 /* ARSCNViewDelegate.swift */,
				640D28B9239073CC00E5DC24 /* Solver.swift */,
				4E9887BC237B632B002A4F45 /* HelperFunctions.swift */,
				4E9887BA237B632B002A4F45 /* Maze.swift */,
				DB6B716D235D1F94003276B2 /* AppDelegate.swift */,
				DB6B716F235D1F94003276B2 /* ViewController.swift */,
				DB6B7173235D1F94003276B2 /* Main.storyboard */,
				DB6B7178235D1F96003276B2 /* LaunchScreen.storyboard */,
				DB6B717B235D1F96003276B2 /* Info.plist */,
			);
			path = ARmazingAdventure;
			sourceTree = "<group>";
		};
/* End PBXGroup section */

/* Begin PBXNativeTarget section */
		DB6B7169235D1F94003276B2 /* ARmazingAdventure */ = {
			isa = PBXNativeTarget;
			buildConfigurationList = DB6B7194235D1F97003276B2 /* Build configuration list for PBXNativeTarget "ARmazingAdventure" */;
			buildPhases = (
				DB6B7166235D1F94003276B2 /* Sources */,
				DB6B7167235D1F94003276B2 /* Frameworks */,
				DB6B7168235D1F94003276B2 /* Resources */,
			);
			buildRules = (
			);
			dependencies = (
			);
			name = ARmazingAdventure;
			productName = ARmazingAdventure;
			productReference = 64C20514239B5FA400B3580F /* ARmazingAdventure.app */;
			productType = "com.apple.product-type.application";
		};
/* End PBXNativeTarget section */

/* Begin PBXProject section */
		DB6B7162235D1F94003276B2 /* Project object */ = {
			isa = PBXProject;
			attributes = {
				LastSwiftUpdateCheck = 1110;
				LastUpgradeCheck = 1110;
				ORGANIZATIONNAME = "Muhammad Saadan";
				TargetAttributes = {
					DB6B7169235D1F94003276B2 = {
						CreatedOnToolsVersion = 11.1;
					};
				};
			};
			buildConfigurationList = DB6B7165235D1F94003276B2 /* Build configuration list for PBXProject "ARmazingAdventure" */;
			compatibilityVersion = "Xcode 9.3";
			developmentRegion = en;
			hasScannedForEncodings = 0;
			knownRegions = (
				en,
				Base,
			);
			mainGroup = DB6B7161235D1F94003276B2;
			productRefGroup = DB6B7161235D1F94003276B2;
			projectDirPath = "";
			projectRoot = "";
			targets = (
				DB6B7169235D1F94003276B2 /* ARmazingAdventure */,
			);
		};
/* End PBXProject section */

/* Begin PBXResourcesBuildPhase section */
		DB6B7168235D1F94003276B2 /* Resources */ = {
			isa = PBXResourcesBuildPhase;
			buildActionMask = 2147483647;
			files = (
				DB6B717A235D1F96003276B2 /* LaunchScreen.storyboard in Resources */,
				4EAEE61F235E3A170041EBDF /* art.scnassets in Resources */,
				4E810A2A23714FDB009D87D6 /* Assets.xcassets in Resources */,
				DB6B7175235D1F94003276B2 /* Main.storyboard in Resources */,
			);
			runOnlyForDeploymentPostprocessing = 0;
		};
/* End PBXResourcesBuildPhase section */

/* Begin PBXSourcesBuildPhase section */
		DB6B7166235D1F94003276B2 /* Sources */ = {
			isa = PBXSourcesBuildPhase;
			buildActionMask = 2147483647;
			files = (
				4EE314C52395CD30001421AD /* CharacterMenuViewController.swift in Sources */,
				4E9887C7237B7103002A4F45 /* Minion.swift in Sources */,
				4E9887BF237B632B002A4F45 /* HelperFunctions.swift in Sources */,
				640D28BA239073CC00E5DC24 /* Solver.swift in Sources */,
				4EAEE621235E5EAC0041EBDF /* MainMenuViewController.swift in Sources */,
				4E9887BE237B632B002A4F45 /* ARSCNViewDelegate.swift in Sources */,
				DB6B7170235D1F94003276B2 /* ViewController.swift in Sources */,
				4EE704B2239F4AF600252AB7 /* TutorialViewController.swift in Sources */,
				4E9887C5237B6E2B002A4F45 /* Enemy.swift in Sources */,
				4E9887C2237B638C002A4F45 /* Player.swift in Sources */,
				4EE314C32395CA56001421AD /* SettingMenuViewController.swift in Sources */,
				DB6B716E235D1F94003276B2 /* AppDelegate.swift in Sources */,
				4EE314C02395C72C001421AD /* PlayerModeViewController.swift in Sources */,
				4E9887C9237B710C002A4F45 /* Boss.swift in Sources */,
				4E9887BD237B632B002A4F45 /* Maze.swift in Sources */,
			);
			runOnlyForDeploymentPostprocessing = 0;
		};
/* End PBXSourcesBuildPhase section */

/* Begin PBXVariantGroup section */
		DB6B7173235D1F94003276B2 /* Main.storyboard */ = {
			isa = PBXVariantGroup;
			children = (
				DB6B7174235D1F94003276B2 /* Base */,
			);
			name = Main.storyboard;
			sourceTree = "<group>";
		};
		DB6B7178235D1F96003276B2 /* LaunchScreen.storyboard */ = {
			isa = PBXVariantGroup;
			children = (
				DB6B7179235D1F96003276B2 /* Base */,
			);
			name = LaunchScreen.storyboard;
			sourceTree = "<group>";
		};
/* End PBXVariantGroup section */

/* Begin XCBuildConfiguration section */
		DB6B7192235D1F96003276B2 /* Debug */ = {
			isa = XCBuildConfiguration;
			buildSettings = {
				ALWAYS_SEARCH_USER_PATHS = NO;
				CLANG_ANALYZER_NONNULL = YES;
				CLANG_ANALYZER_NUMBER_OBJECT_CONVERSION = YES_AGGRESSIVE;
				CLANG_CXX_LANGUAGE_STANDARD = "gnu++14";
				CLANG_CXX_LIBRARY = "libc++";
				CLANG_ENABLE_MODULES = YES;
				CLANG_ENABLE_OBJC_ARC = YES;
				CLANG_ENABLE_OBJC_WEAK = YES;
				CLANG_WARN_BLOCK_CAPTURE_AUTORELEASING = YES;
				CLANG_WARN_BOOL_CONVERSION = YES;
				CLANG_WARN_COMMA = YES;
				CLANG_WARN_CONSTANT_CONVERSION = YES;
				CLANG_WARN_DEPRECATED_OBJC_IMPLEMENTATIONS = YES;
				CLANG_WARN_DIRECT_OBJC_ISA_USAGE = YES_ERROR;
				CLANG_WARN_DOCUMENTATION_COMMENTS = YES;
				CLANG_WARN_EMPTY_BODY = YES;
				CLANG_WARN_ENUM_CONVERSION = YES;
				CLANG_WARN_INFINITE_RECURSION = YES;
				CLANG_WARN_INT_CONVERSION = YES;
				CLANG_WARN_NON_LITERAL_NULL_CONVERSION = YES;
				CLANG_WARN_OBJC_IMPLICIT_RETAIN_SELF = YES;
				CLANG_WARN_OBJC_LITERAL_CONVERSION = YES;
				CLANG_WARN_OBJC_ROOT_CLASS = YES_ERROR;
				CLANG_WARN_RANGE_LOOP_ANALYSIS = YES;
				CLANG_WARN_STRICT_PROTOTYPES = YES;
				CLANG_WARN_SUSPICIOUS_MOVE = YES;
				CLANG_WARN_UNGUARDED_AVAILABILITY = YES_AGGRESSIVE;
				CLANG_WARN_UNREACHABLE_CODE = YES;
				CLANG_WARN__DUPLICATE_METHOD_MATCH = YES;
				COPY_PHASE_STRIP = NO;
				DEBUG_INFORMATION_FORMAT = dwarf;
				ENABLE_STRICT_OBJC_MSGSEND = YES;
				ENABLE_TESTABILITY = YES;
				GCC_C_LANGUAGE_STANDARD = gnu11;
				GCC_DYNAMIC_NO_PIC = NO;
				GCC_NO_COMMON_BLOCKS = YES;
				GCC_OPTIMIZATION_LEVEL = 0;
				GCC_PREPROCESSOR_DEFINITIONS = (
					"DEBUG=1",
					"$(inherited)",
				);
				GCC_WARN_64_TO_32_BIT_CONVERSION = YES;
				GCC_WARN_ABOUT_RETURN_TYPE = YES_ERROR;
				GCC_WARN_UNDECLARED_SELECTOR = YES;
				GCC_WARN_UNINITIALIZED_AUTOS = YES_AGGRESSIVE;
				GCC_WARN_UNUSED_FUNCTION = YES;
				GCC_WARN_UNUSED_VARIABLE = YES;
				IPHONEOS_DEPLOYMENT_TARGET = 13.1;
				MTL_ENABLE_DEBUG_INFO = INCLUDE_SOURCE;
				MTL_FAST_MATH = YES;
				ONLY_ACTIVE_ARCH = YES;
				SDKROOT = iphoneos;
				SWIFT_ACTIVE_COMPILATION_CONDITIONS = DEBUG;
				SWIFT_OPTIMIZATION_LEVEL = "-Onone";
			};
			name = Debug;
		};
		DB6B7193235D1F96003276B2 /* Release */ = {
			isa = XCBuildConfiguration;
			buildSettings = {
				ALWAYS_SEARCH_USER_PATHS = NO;
				CLANG_ANALYZER_NONNULL = YES;
				CLANG_ANALYZER_NUMBER_OBJECT_CONVERSION = YES_AGGRESSIVE;
				CLANG_CXX_LANGUAGE_STANDARD = "gnu++14";
				CLANG_CXX_LIBRARY = "libc++";
				CLANG_ENABLE_MODULES = YES;
				CLANG_ENABLE_OBJC_ARC = YES;
				CLANG_ENABLE_OBJC_WEAK = YES;
				CLANG_WARN_BLOCK_CAPTURE_AUTORELEASING = YES;
				CLANG_WARN_BOOL_CONVERSION = YES;
				CLANG_WARN_COMMA = YES;
				CLANG_WARN_CONSTANT_CONVERSION = YES;
				CLANG_WARN_DEPRECATED_OBJC_IMPLEMENTATIONS = YES;
				CLANG_WARN_DIRECT_OBJC_ISA_USAGE = YES_ERROR;
				CLANG_WARN_DOCUMENTATION_COMMENTS = YES;
				CLANG_WARN_EMPTY_BODY = YES;
				CLANG_WARN_ENUM_CONVERSION = YES;
				CLANG_WARN_INFINITE_RECURSION = YES;
				CLANG_WARN_INT_CONVERSION = YES;
				CLANG_WARN_NON_LITERAL_NULL_CONVERSION = YES;
				CLANG_WARN_OBJC_IMPLICIT_RETAIN_SELF = YES;
				CLANG_WARN_OBJC_LITERAL_CONVERSION = YES;
				CLANG_WARN_OBJC_ROOT_CLASS = YES_ERROR;
				CLANG_WARN_RANGE_LOOP_ANALYSIS = YES;
				CLANG_WARN_STRICT_PROTOTYPES = YES;
				CLANG_WARN_SUSPICIOUS_MOVE = YES;
				CLANG_WARN_UNGUARDED_AVAILABILITY = YES_AGGRESSIVE;
				CLANG_WARN_UNREACHABLE_CODE = YES;
				CLANG_WARN__DUPLICATE_METHOD_MATCH = YES;
				COPY_PHASE_STRIP = NO;
				DEBUG_INFORMATION_FORMAT = "dwarf-with-dsym";
				ENABLE_NS_ASSERTIONS = NO;
				ENABLE_STRICT_OBJC_MSGSEND = YES;
				GCC_C_LANGUAGE_STANDARD = gnu11;
				GCC_NO_COMMON_BLOCKS = YES;
				GCC_OPTIMIZATION_LEVEL = 0;
				GCC_WARN_64_TO_32_BIT_CONVERSION = YES;
				GCC_WARN_ABOUT_RETURN_TYPE = YES_ERROR;
				GCC_WARN_UNDECLARED_SELECTOR = YES;
				GCC_WARN_UNINITIALIZED_AUTOS = YES_AGGRESSIVE;
				GCC_WARN_UNUSED_FUNCTION = YES;
				GCC_WARN_UNUSED_VARIABLE = YES;
				IPHONEOS_DEPLOYMENT_TARGET = 13.1;
				MTL_ENABLE_DEBUG_INFO = NO;
				MTL_FAST_MATH = YES;
				SDKROOT = iphoneos;
				SWIFT_COMPILATION_MODE = wholemodule;
				SWIFT_OPTIMIZATION_LEVEL = "-O";
				VALIDATE_PRODUCT = YES;
			};
			name = Release;
		};
		DB6B7195235D1F97003276B2 /* Debug */ = {
			isa = XCBuildConfiguration;
			buildSettings = {
				ASSETCATALOG_COMPILER_APPICON_NAME = AppIcon;
				CODE_SIGN_STYLE = Automatic;
				DEVELOPMENT_TEAM = GZ35BADVLU;
				INFOPLIST_FILE = ARmazingAdventure/Info.plist;
				LD_RUNPATH_SEARCH_PATHS = (
					"$(inherited)",
					"@executable_path/Frameworks",
				);
				PRODUCT_BUNDLE_IDENTIFIER = com.shuji.chen.ARmazingAdventure;
				PRODUCT_NAME = "$(TARGET_NAME)";
				SWIFT_VERSION = 5.0;
				TARGETED_DEVICE_FAMILY = "1,2";
			};
			name = Debug;
		};
		DB6B7196235D1F97003276B2 /* Release */ = {
			isa = XCBuildConfiguration;
			buildSettings = {
				ASSETCATALOG_COMPILER_APPICON_NAME = AppIcon;
				CODE_SIGN_STYLE = Automatic;
				DEVELOPMENT_TEAM = GZ35BADVLU;
				INFOPLIST_FILE = ARmazingAdventure/Info.plist;
				LD_RUNPATH_SEARCH_PATHS = (
					"$(inherited)",
					"@executable_path/Frameworks",
				);
				PRODUCT_BUNDLE_IDENTIFIER = com.shuji.chen.ARmazingAdventure;
				PRODUCT_NAME = "$(TARGET_NAME)";
				SWIFT_VERSION = 5.0;
				TARGETED_DEVICE_FAMILY = "1,2";
			};
			name = Release;
		};
/* End XCBuildConfiguration section */

/* Begin XCConfigurationList section */
		DB6B7165235D1F94003276B2 /* Build configuration list for PBXProject "ARmazingAdventure" */ = {
			isa = XCConfigurationList;
			buildConfigurations = (
				DB6B7192235D1F96003276B2 /* Debug */,
				DB6B7193235D1F96003276B2 /* Release */,
			);
			defaultConfigurationIsVisible = 0;
			defaultConfigurationName = Release;
		};
		DB6B7194235D1F97003276B2 /* Build configuration list for PBXNativeTarget "ARmazingAdventure" */ = {
			isa = XCConfigurationList;
			buildConfigurations = (
				DB6B7195235D1F97003276B2 /* Debug */,
				DB6B7196235D1F97003276B2 /* Release */,
			);
			defaultConfigurationIsVisible = 0;
			defaultConfigurationName = Release;
		};
/* End XCConfigurationList section */
	};
	rootObject = DB6B7162235D1F94003276B2 /* Project object */;
}
